
Microsoft Visual Studio Solution File, Format Version 12.00
# Visual Studio Version 17
VisualStudioVersion = 17.3.32929.385
MinimumVisualStudioVersion = 10.0.40219.1
Project("{FAE04EC0-301F-11D3-BF4B-00C04F79EFBC}") = "TestGitHub", "TestGitHub\TestGitHub.csproj", "{06A6C2DF-7F46-4EC7-99A0-FBA5F4F06F87}"
EndProject
Global
	GlobalSection(SolutionConfigurationPlatforms) = preSolution
		Debug|Any CPU = Debug|Any CPU
		Release|Any CPU = Release|Any CPU
	EndGlobalSection
	GlobalSection(ProjectConfigurationPlatforms) = postSolution
		{06A6C2DF-7F46-4EC7-99A0-FBA5F4F06F87}.Debug|Any CPU.ActiveCfg = Debug|Any CPU
		{06A6C2DF-7F46-4EC7-99A0-FBA5F4F06F87}.Debug|Any CPU.Build.0 = Debug|Any CPU
		{06A6C2DF-7F46-4EC7-99A0-FBA5F4F06F87}.Release|Any CPU.ActiveCfg = Release|Any CPU
		{06A6C2DF-7F46-4EC7-99A0-FBA5F4F06F87}.Release|Any CPU.Build.0 = Release|Any CPU
	EndGlobalSection
	GlobalSection(SolutionProperties) = preSolution
		HideSolutionNode = FALSE
	EndGlobalSection
	GlobalSection(ExtensibilityGlobals) = postSolution
		SolutionGuid = {E521AC7B-2E8D-44A4-B869-4ACB57660707}
	EndGlobalSection
EndGlobal
